
Microsoft Visual Studio Solution File, Format Version 12.00
# Visual Studio Version 17
VisualStudioVersion = 17.7.34031.279
MinimumVisualStudioVersion = 10.0.40219.1
Project("{FAE04EC0-301F-11D3-BF4B-00C04F79EFBC}") = "BankApiDemo", "BankApiDemo\BankApiDemo.csproj", "{5C7B0C85-3508-41E0-9DD9-A5449A7084EA}"
EndProject
Global
	GlobalSection(SolutionConfigurationPlatforms) = preSolution
		Debug|Any CPU = Debug|Any CPU
		Release|Any CPU = Release|Any CPU
	EndGlobalSection
	GlobalSection(ProjectConfigurationPlatforms) = postSolution
		{5C7B0C85-3508-41E0-9DD9-A5449A7084EA}.Debug|Any CPU.ActiveCfg = Debug|Any CPU
		{5C7B0C85-3508-41E0-9DD9-A5449A7084EA}.Debug|Any CPU.Build.0 = Debug|Any CPU
		{5C7B0C85-3508-41E0-9DD9-A5449A7084EA}.Release|Any CPU.ActiveCfg = Release|Any CPU
		{5C7B0C85-3508-41E0-9DD9-A5449A7084EA}.Release|Any CPU.Build.0 = Release|Any CPU
	EndGlobalSection
	GlobalSection(SolutionProperties) = preSolution
		HideSolutionNode = FALSE
	EndGlobalSection
	GlobalSection(ExtensibilityGlobals) = postSolution
		SolutionGuid = {2EB0CCFB-ADB3-40B5-ACC3-0A067F2101F9}
	EndGlobalSection
EndGlobal
